
Microsoft Visual Studio Solution File, Format Version 12.00
# Visual Studio Version 16
VisualStudioVersion = 16.0.30011.22
MinimumVisualStudioVersion = 10.0.40219.1
Project("{FAE04EC0-301F-11D3-BF4B-00C04F79EFBC}") = "WindowsFormsApp1", "WindowsFormsApp1\WindowsFormsApp1.csproj", "{338C9BDE-2CB0-4701-98D0-24B8C3E5CF6B}"
EndProject
Global
	GlobalSection(SolutionConfigurationPlatforms) = preSolution
		Debug|Any CPU = Debug|Any CPU
		Release|Any CPU = Release|Any CPU
	EndGlobalSection
	GlobalSection(ProjectConfigurationPlatforms) = postSolution
		{338C9BDE-2CB0-4701-98D0-24B8C3E5CF6B}.Debug|Any CPU.ActiveCfg = Debug|Any CPU
		{338C9BDE-2CB0-4701-98D0-24B8C3E5CF6B}.Debug|Any CPU.Build.0 = Debug|Any CPU
		{338C9BDE-2CB0-4701-98D0-24B8C3E5CF6B}.Release|Any CPU.ActiveCfg = Release|Any CPU
		{338C9BDE-2CB0-4701-98D0-24B8C3E5CF6B}.Release|Any CPU.Build.0 = Release|Any CPU
	EndGlobalSection
	GlobalSection(SolutionProperties) = preSolution
		HideSolutionNode = FALSE
	EndGlobalSection
	GlobalSection(ExtensibilityGlobals) = postSolution
		SolutionGuid = {CEC50874-77ED-47D9-A8C5-814F26B87FB8}
	EndGlobalSection
EndGlobal
